
Microsoft Visual Studio Solution File, Format Version 12.00
# Visual Studio Version 17
VisualStudioVersion = 17.0.31903.59
MinimumVisualStudioVersion = 10.0.40219.1
Project("{9A19103F-16F7-4668-BE54-9A1E7A4F7556}") = "Instant2D", "Instant2D\Instant2D.csproj", "{C93074AD-003C-42E6-A182-0CB78A765880}"
EndProject
Project("{9A19103F-16F7-4668-BE54-9A1E7A4F7556}") = "TestGame", "TestGame\TestGame.csproj", "{F325876C-8876-4DD4-B41B-A98994DC4184}"
EndProject
Global
	GlobalSection(SolutionConfigurationPlatforms) = preSolution
		Debug|Any CPU = Debug|Any CPU
		Release|Any CPU = Release|Any CPU
	EndGlobalSection
	GlobalSection(ProjectConfigurationPlatforms) = postSolution
		{C93074AD-003C-42E6-A182-0CB78A765880}.Debug|Any CPU.ActiveCfg = Debug|Any CPU
		{C93074AD-003C-42E6-A182-0CB78A765880}.Debug|Any CPU.Build.0 = Debug|Any CPU
		{C93074AD-003C-42E6-A182-0CB78A765880}.Release|Any CPU.ActiveCfg = Release|Any CPU
		{C93074AD-003C-42E6-A182-0CB78A765880}.Release|Any CPU.Build.0 = Release|Any CPU
		{F325876C-8876-4DD4-B41B-A98994DC4184}.Debug|Any CPU.ActiveCfg = Debug|Any CPU
		{F325876C-8876-4DD4-B41B-A98994DC4184}.Debug|Any CPU.Build.0 = Debug|Any CPU
		{F325876C-8876-4DD4-B41B-A98994DC4184}.Release|Any CPU.ActiveCfg = Release|Any CPU
		{F325876C-8876-4DD4-B41B-A98994DC4184}.Release|Any CPU.Build.0 = Release|Any CPU
	EndGlobalSection
	GlobalSection(SolutionProperties) = preSolution
		HideSolutionNode = FALSE
	EndGlobalSection
	GlobalSection(ExtensibilityGlobals) = postSolution
		SolutionGuid = {C351874E-C6B0-4394-A246-8B8C577C3B06}
	EndGlobalSection
EndGlobal
